
Microsoft Visual Studio Solution File, Format Version 12.00
# Visual Studio Version 17
VisualStudioVersion = 17.6.33801.468
MinimumVisualStudioVersion = 10.0.40219.1
Project("{FAE04EC0-301F-11D3-BF4B-00C04F79EFBC}") = "Portfolio1", "Portfolio1\Portfolio1.csproj", "{663805C4-8858-4CE7-A9CF-528610AEB3C6}"
EndProject
Global
	GlobalSection(SolutionConfigurationPlatforms) = preSolution
		Debug|Any CPU = Debug|Any CPU
		Release|Any CPU = Release|Any CPU
	EndGlobalSection
	GlobalSection(ProjectConfigurationPlatforms) = postSolution
		{663805C4-8858-4CE7-A9CF-528610AEB3C6}.Debug|Any CPU.ActiveCfg = Debug|Any CPU
		{663805C4-8858-4CE7-A9CF-528610AEB3C6}.Debug|Any CPU.Build.0 = Debug|Any CPU
		{663805C4-8858-4CE7-A9CF-528610AEB3C6}.Release|Any CPU.ActiveCfg = Release|Any CPU
		{663805C4-8858-4CE7-A9CF-528610AEB3C6}.Release|Any CPU.Build.0 = Release|Any CPU
	EndGlobalSection
	GlobalSection(SolutionProperties) = preSolution
		HideSolutionNode = FALSE
	EndGlobalSection
	GlobalSection(ExtensibilityGlobals) = postSolution
		SolutionGuid = {1C05BE3C-CB42-4FED-A377-FB6E76E68A70}
	EndGlobalSection
EndGlobal
